
Microsoft Visual Studio Solution File, Format Version 12.00
# Visual Studio Version 17
VisualStudioVersion = 17.14.37411.7
MinimumVisualStudioVersion = 10.0.40219.1
Project("{2150E333-8FDC-42A3-9474-1A3956D46DE8}") = "Services", "Services", "{02EA681E-C7D8-13C7-8484-4AC65E1B71E8}"
EndProject
Project("{2150E333-8FDC-42A3-9474-1A3956D46DE8}") = "MsUser", "MsUser", "{91ADBED9-B64C-46B3-B908-724B5C717196}"
EndProject
Project("{FAE04EC0-301F-11D3-BF4B-00C04F79EFBC}") = "MsUser.API", "Services\MsUser\MsUser.API\MsUser.API.csproj", "{AA8F97EA-E362-4148-8926-7C723C276965}"
EndProject
Project("{FAE04EC0-301F-11D3-BF4B-00C04F79EFBC}") = "MsUser.Application", "Services\MsUser\MsUser.Application\MsUser.Application.csproj", "{1A3A8F88-064F-4F44-BE2F-EC2A3C1BBE54}"
EndProject
Project("{FAE04EC0-301F-11D3-BF4B-00C04F79EFBC}") = "MsUser.Infrastructure", "Services\MsUser\MsUser.Infrastructure\MsUser.Infrastructure.csproj", "{78879C1C-C406-4BED-A284-A9AC4EEAE760}"
EndProject
Project("{FAE04EC0-301F-11D3-BF4B-00C04F79EFBC}") = "MsUser.Domain", "Services\MsUser\MsUser.Domain\MsUser.Domain.csproj", "{19FB0962-1F2D-4982-ABE7-92BB98FFE6F9}"
EndProject
Project("{2150E333-8FDC-42A3-9474-1A3956D46DE8}") = "MsItem", "MsItem", "{E5758FE8-8535-4703-83B7-C3273F11DE02}"
EndProject
Project("{FAE04EC0-301F-11D3-BF4B-00C04F79EFBC}") = "MsItem.API", "Services\MsItem\MsItem.API\MsItem.API.csproj", "{F7831562-9CCF-469B-BD5A-FDD24EF4060F}"
EndProject
Project("{FAE04EC0-301F-11D3-BF4B-00C04F79EFBC}") = "MsItem.Domain", "Services\MsItem\MsItem.Domain\MsItem.Domain.csproj", "{10ACEF33-21E6-42E3-9A01-0481655ECB3E}"
EndProject
Project("{FAE04EC0-301F-11D3-BF4B-00C04F79EFBC}") = "MsItem.Infrastructure", "Services\MsItem\MsItem.Infrastructure\MsItem.Infrastructure.csproj", "{CC051AB6-EE33-4799-BC7B-A97F5C1A88FB}"
EndProject
Project("{FAE04EC0-301F-11D3-BF4B-00C04F79EFBC}") = "MsItem.Application", "Services\MsItem\MsItem.Application\MsItem.Application.csproj", "{B15F33F3-72C4-46D0-A792-03FAC9C50780}"
EndProject
Project("{2150E333-8FDC-42A3-9474-1A3956D46DE8}") = "Solution Items", "Solution Items", "{8EC462FD-D22E-90A8-E5CE-7E832BA40C5D}"
	ProjectSection(SolutionItems) = preProject
		docker-compose.yml = docker-compose.yml
		README.md = README.md
	EndProjectSection
EndProject
Global
	GlobalSection(SolutionConfigurationPlatforms) = preSolution
		Debug|Any CPU = Debug|Any CPU
		Release|Any CPU = Release|Any CPU
	EndGlobalSection
	GlobalSection(ProjectConfigurationPlatforms) = postSolution
		{AA8F97EA-E362-4148-8926-7C723C276965}.Debug|Any CPU.ActiveCfg = Debug|Any CPU
		{AA8F97EA-E362-4148-8926-7C723C276965}.Debug|Any CPU.Build.0 = Debug|Any CPU
		{AA8F97EA-E362-4148-8926-7C723C276965}.Release|Any CPU.ActiveCfg = Release|Any CPU
		{AA8F97EA-E362-4148-8926-7C723C276965}.Release|Any CPU.Build.0 = Release|Any CPU
		{1A3A8F88-064F-4F44-BE2F-EC2A3C1BBE54}.Debug|Any CPU.ActiveCfg = Debug|Any CPU
		{1A3A8F88-064F-4F44-BE2F-EC2A3C1BBE54}.Debug|Any CPU.Build.0 = Debug|Any CPU
		{1A3A8F88-064F-4F44-BE2F-EC2A3C1BBE54}.Release|Any CPU.ActiveCfg = Release|Any CPU
		{1A3A8F88-064F-4F44-BE2F-EC2A3C1BBE54}.Release|Any CPU.Build.0 = Release|Any CPU
		{78879C1C-C406-4BED-A284-A9AC4EEAE760}.Debug|Any CPU.ActiveCfg = Debug|Any CPU
		{78879C1C-C406-4BED-A284-A9AC4EEAE760}.Debug|Any CPU.Build.0 = Debug|Any CPU
		{78879C1C-C406-4BED-A284-A9AC4EEAE760}.Release|Any CPU.ActiveCfg = Release|Any CPU
		{78879C1C-C406-4BED-A284-A9AC4EEAE760}.Release|Any CPU.Build.0 = Release|Any CPU
		{19FB0962-1F2D-4982-ABE7-92BB98FFE6F9}.Debug|Any CPU.ActiveCfg = Debug|Any CPU
		{19FB0962-1F2D-4982-ABE7-92BB98FFE6F9}.Debug|Any CPU.Build.0 = Debug|Any CPU
		{19FB0962-1F2D-4982-ABE7-92BB98FFE6F9}.Release|Any CPU.ActiveCfg = Release|Any CPU
		{19FB0962-1F2D-4982-ABE7-92BB98FFE6F9}.Release|Any CPU.Build.0 = Release|Any CPU
		{F7831562-9CCF-469B-BD5A-FDD24EF4060F}.Debug|Any CPU.ActiveCfg = Debug|Any CPU
		{F7831562-9CCF-469B-BD5A-FDD24EF4060F}.Debug|Any CPU.Build.0 = Debug|Any CPU
		{F7831562-9CCF-469B-BD5A-FDD24EF4060F}.Release|Any CPU.ActiveCfg = Release|Any CPU
		{F7831562-9CCF-469B-BD5A-FDD24EF4060F}.Release|Any CPU.Build.0 = Release|Any CPU
		{10ACEF33-21E6-42E3-9A01-0481655ECB3E}.Debug|Any CPU.ActiveCfg = Debug|Any CPU
		{10ACEF33-21E6-42E3-9A01-0481655ECB3E}.Debug|Any CPU.Build.0 = Debug|Any CPU
		{10ACEF33-21E6-42E3-9A01-0481655ECB3E}.Release|Any CPU.ActiveCfg = Release|Any CPU
		{10ACEF33-21E6-42E3-9A01-0481655ECB3E}.Release|Any CPU.Build.0 = Release|Any CPU
		{CC051AB6-EE33-4799-BC7B-A97F5C1A88FB}.Debug|Any CPU.ActiveCfg = Debug|Any CPU
		{CC051AB6-EE33-4799-BC7B-A97F5C1A88FB}.Debug|Any CPU.Build.0 = Debug|Any CPU
		{CC051AB6-EE33-4799-BC7B-A97F5C1A88FB}.Release|Any CPU.ActiveCfg = Release|Any CPU
		{CC051AB6-EE33-4799-BC7B-A97F5C1A88FB}.Release|Any CPU.Build.0 = Release|Any CPU
		{B15F33F3-72C4-46D0-A792-03FAC9C50780}.Debug|Any CPU.ActiveCfg = Debug|Any CPU
		{B15F33F3-72C4-46D0-A792-03FAC9C50780}.Debug|Any CPU.Build.0 = Debug|Any CPU
		{B15F33F3-72C4-46D0-A792-03FAC9C50780}.Release|Any CPU.ActiveCfg = Release|Any CPU
		{B15F33F3-72C4-46D0-A792-03FAC9C50780}.Release|Any CPU.Build.0 = Release|Any CPU
	EndGlobalSection
	GlobalSection(SolutionProperties) = preSolution
		HideSolutionNode = FALSE
	EndGlobalSection
	GlobalSection(NestedProjects) = preSolution
		{91ADBED9-B64C-46B3-B908-724B5C717196} = {02EA681E-C7D8-13C7-8484-4AC65E1B71E8}
		{AA8F97EA-E362-4148-8926-7C723C276965} = {91ADBED9-B64C-46B3-B908-724B5C717196}
		{1A3A8F88-064F-4F44-BE2F-EC2A3C1BBE54} = {91ADBED9-B64C-46B3-B908-724B5C717196}
		{78879C1C-C406-4BED-A284-A9AC4EEAE760} = {91ADBED9-B64C-46B3-B908-724B5C717196}
		{19FB0962-1F2D-4982-ABE7-92BB98FFE6F9} = {91ADBED9-B64C-46B3-B908-724B5C717196}
		{E5758FE8-8535-4703-83B7-C3273F11DE02} = {02EA681E-C7D8-13C7-8484-4AC65E1B71E8}
		{F7831562-9CCF-469B-BD5A-FDD24EF4060F} = {E5758FE8-8535-4703-83B7-C3273F11DE02}
		{10ACEF33-21E6-42E3-9A01-0481655ECB3E} = {E5758FE8-8535-4703-83B7-C3273F11DE02}
		{CC051AB6-EE33-4799-BC7B-A97F5C1A88FB} = {E5758FE8-8535-4703-83B7-C3273F11DE02}
		{B15F33F3-72C4-46D0-A792-03FAC9C50780} = {E5758FE8-8535-4703-83B7-C3273F11DE02}
	EndGlobalSection
	GlobalSection(ExtensibilityGlobals) = postSolution
		SolutionGuid = {B8146F63-6FF3-458C-8902-203ACBA7B5D9}
	EndGlobalSection
EndGlobal
